{
  "requires": true,
  "lockfileVersion": 1,
  "dependencies": {
    "ngx-bootstrap": {
      "version": "10.2.0",
      "resolved": "https://registry.npmjs.org/ngx-bootstrap/-/ngx-bootstrap-10.2.0.tgz",
      "integrity": "sha512-bn5wdvH6QQ2JGu4TgUbozdULBFMxZNPNTgO7dRiosx9FRrFvKcgxkGSgU/xoj+4kP1vgh8zwzaiDfvH/Bfb+Aw==",
      "requires": {
        "tslib": "^2.3.0"
      }
    },
    "onesignal-ngx": {
      "version": "1.0.2",
      "resolved": "https://registry.npmjs.org/onesignal-ngx/-/onesignal-ngx-1.0.2.tgz",
      "integrity": "sha512-beADzeFRzWgLInhEYvp3BIPOIRSDtMMzH90DIargkiYGC63C6/IxJpahdkI5WuUvKKDDsthmgyV/EDia83+E1g==",
      "requires": {
        "tslib": "^2.0.0"
      }
    },
    "tslib": {
      "version": "2.4.0",
      "resolved": "https://registry.npmjs.org/tslib/-/tslib-2.4.0.tgz",
      "integrity": "sha512-d6xOpEDfsi2CZVlPQzGeux8XMwLT9hssAsaPYExaQMuYskwb+x1x7J371tWlbBdWHroy99KnVB6qIkUbs5X3UQ=="
    }
  }
}
